
Microsoft Visual Studio Solution File, Format Version 12.00
# Visual Studio 15
VisualStudioVersion = 15.0.26124.0
MinimumVisualStudioVersion = 15.0.26124.0
Project("{FAE04EC0-301F-11D3-BF4B-00C04F79EFBC}") = "EtoForms", "EtoForms\EtoForms.csproj", "{76140FC0-615B-4672-9995-A6A152E07CBF}"
EndProject
Project("{FAE04EC0-301F-11D3-BF4B-00C04F79EFBC}") = "EtoForms.Desktop", "EtoForms.Desktop\EtoForms.Desktop.csproj", "{62B6A194-DAEE-4450-9755-C5DBAD053CFA}"
EndProject
Global
	GlobalSection(SolutionConfigurationPlatforms) = preSolution
		Debug|Any CPU = Debug|Any CPU
		Debug|x64 = Debug|x64
		Debug|x86 = Debug|x86
		Release|Any CPU = Release|Any CPU
		Release|x64 = Release|x64
		Release|x86 = Release|x86
	EndGlobalSection
	GlobalSection(SolutionProperties) = preSolution
		HideSolutionNode = FALSE
	EndGlobalSection
	GlobalSection(ProjectConfigurationPlatforms) = postSolution
		{76140FC0-615B-4672-9995-A6A152E07CBF}.Debug|Any CPU.ActiveCfg = Debug|Any CPU
		{76140FC0-615B-4672-9995-A6A152E07CBF}.Debug|Any CPU.Build.0 = Debug|Any CPU
		{76140FC0-615B-4672-9995-A6A152E07CBF}.Debug|x64.ActiveCfg = Debug|Any CPU
		{76140FC0-615B-4672-9995-A6A152E07CBF}.Debug|x64.Build.0 = Debug|Any CPU
		{76140FC0-615B-4672-9995-A6A152E07CBF}.Debug|x86.ActiveCfg = Debug|Any CPU
		{76140FC0-615B-4672-9995-A6A152E07CBF}.Debug|x86.Build.0 = Debug|Any CPU
		{76140FC0-615B-4672-9995-A6A152E07CBF}.Release|Any CPU.ActiveCfg = Release|Any CPU
		{76140FC0-615B-4672-9995-A6A152E07CBF}.Release|Any CPU.Build.0 = Release|Any CPU
		{76140FC0-615B-4672-9995-A6A152E07CBF}.Release|x64.ActiveCfg = Release|Any CPU
		{76140FC0-615B-4672-9995-A6A152E07CBF}.Release|x64.Build.0 = Release|Any CPU
		{76140FC0-615B-4672-9995-A6A152E07CBF}.Release|x86.ActiveCfg = Release|Any CPU
		{76140FC0-615B-4672-9995-A6A152E07CBF}.Release|x86.Build.0 = Release|Any CPU
		{62B6A194-DAEE-4450-9755-C5DBAD053CFA}.Debug|Any CPU.ActiveCfg = Debug|Any CPU
		{62B6A194-DAEE-4450-9755-C5DBAD053CFA}.Debug|Any CPU.Build.0 = Debug|Any CPU
		{62B6A194-DAEE-4450-9755-C5DBAD053CFA}.Debug|x64.ActiveCfg = Debug|Any CPU
		{62B6A194-DAEE-4450-9755-C5DBAD053CFA}.Debug|x64.Build.0 = Debug|Any CPU
		{62B6A194-DAEE-4450-9755-C5DBAD053CFA}.Debug|x86.ActiveCfg = Debug|Any CPU
		{62B6A194-DAEE-4450-9755-C5DBAD053CFA}.Debug|x86.Build.0 = Debug|Any CPU
		{62B6A194-DAEE-4450-9755-C5DBAD053CFA}.Release|Any CPU.ActiveCfg = Release|Any CPU
		{62B6A194-DAEE-4450-9755-C5DBAD053CFA}.Release|Any CPU.Build.0 = Release|Any CPU
		{62B6A194-DAEE-4450-9755-C5DBAD053CFA}.Release|x64.ActiveCfg = Release|Any CPU
		{62B6A194-DAEE-4450-9755-C5DBAD053CFA}.Release|x64.Build.0 = Release|Any CPU
		{62B6A194-DAEE-4450-9755-C5DBAD053CFA}.Release|x86.ActiveCfg = Release|Any CPU
		{62B6A194-DAEE-4450-9755-C5DBAD053CFA}.Release|x86.Build.0 = Release|Any CPU
	EndGlobalSection
EndGlobal
